
Microsoft Visual Studio Solution File, Format Version 12.00
# Visual Studio Version 16
VisualStudioVersion = 16.0.31624.102
MinimumVisualStudioVersion = 10.0.40219.1
Project("{FAE04EC0-301F-11D3-BF4B-00C04F79EFBC}") = "FirstLab_QueueTime", "FirstLab_QueueTime\FirstLab_QueueTime.csproj", "{5DA26ECE-C8F8-4792-B18C-D8D72A0B75F5}"
EndProject
Global
	GlobalSection(SolutionConfigurationPlatforms) = preSolution
		Debug|Any CPU = Debug|Any CPU
		Release|Any CPU = Release|Any CPU
	EndGlobalSection
	GlobalSection(ProjectConfigurationPlatforms) = postSolution
		{5DA26ECE-C8F8-4792-B18C-D8D72A0B75F5}.Debug|Any CPU.ActiveCfg = Debug|Any CPU
		{5DA26ECE-C8F8-4792-B18C-D8D72A0B75F5}.Debug|Any CPU.Build.0 = Debug|Any CPU
		{5DA26ECE-C8F8-4792-B18C-D8D72A0B75F5}.Release|Any CPU.ActiveCfg = Release|Any CPU
		{5DA26ECE-C8F8-4792-B18C-D8D72A0B75F5}.Release|Any CPU.Build.0 = Release|Any CPU
	EndGlobalSection
	GlobalSection(SolutionProperties) = preSolution
		HideSolutionNode = FALSE
	EndGlobalSection
	GlobalSection(ExtensibilityGlobals) = postSolution
		SolutionGuid = {693C2D4D-BF2D-44D0-9BED-5A23D4202320}
	EndGlobalSection
EndGlobal
